
Microsoft Visual Studio Solution File, Format Version 12.00
# Visual Studio Version 17
VisualStudioVersion = 17.14.36327.8 d17.14
MinimumVisualStudioVersion = 10.0.40219.1
Project("{FAE04EC0-301F-11D3-BF4B-00C04F79EFBC}") = "Project_ecomm", "Project_ecomm\Project_ecomm.csproj", "{E68A8BE4-6584-40D5-A0D9-44AC8E99487D}"
EndProject
Global
	GlobalSection(SolutionConfigurationPlatforms) = preSolution
		Debug|Any CPU = Debug|Any CPU
		Release|Any CPU = Release|Any CPU
	EndGlobalSection
	GlobalSection(ProjectConfigurationPlatforms) = postSolution
		{E68A8BE4-6584-40D5-A0D9-44AC8E99487D}.Debug|Any CPU.ActiveCfg = Debug|Any CPU
		{E68A8BE4-6584-40D5-A0D9-44AC8E99487D}.Debug|Any CPU.Build.0 = Debug|Any CPU
		{E68A8BE4-6584-40D5-A0D9-44AC8E99487D}.Release|Any CPU.ActiveCfg = Release|Any CPU
		{E68A8BE4-6584-40D5-A0D9-44AC8E99487D}.Release|Any CPU.Build.0 = Release|Any CPU
	EndGlobalSection
	GlobalSection(SolutionProperties) = preSolution
		HideSolutionNode = FALSE
	EndGlobalSection
	GlobalSection(ExtensibilityGlobals) = postSolution
		SolutionGuid = {76F15724-8ADF-44AD-82CE-C8B054F6A28E}
	EndGlobalSection
EndGlobal
